#MicroXplorer Configuration settings - do not modify
ADC1.Channel-0\#ChannelRegularConversion=ADC_CHANNEL_9
ADC1.IPParameters=Rank-0\#ChannelRegularConversion,master,Channel-0\#ChannelRegularConversion,SamplingTime-0\#ChannelRegularConversion,NbrOfConversionFlag
ADC1.NbrOfConversionFlag=1
ADC1.Rank-0\#ChannelRegularConversion=1
ADC1.SamplingTime-0\#ChannelRegularConversion=ADC_SAMPLETIME_3CYCLES
ADC1.master=1
ARM.CMSIS.5.6.0.CMSISJjDSP=Library
ARM.CMSIS.5.6.0.CMSISJjDSP_Checked=true
ARM.CMSIS.5.6.0.IPParameters=CMSISJjDSP
ARM.CMSIS.5.6.0_SwParameter=CMSISJjDSP\:Library;CMSISJjRTOS2JjKeilOoRTX5\:Library;CMSISJjCORE\:true;
Dma.Request0=USART2_RX
Dma.RequestsNb=1
Dma.USART2_RX.0.Direction=DMA_PERIPH_TO_MEMORY
Dma.USART2_RX.0.FIFOMode=DMA_FIFOMODE_DISABLE
Dma.USART2_RX.0.Instance=DMA1_Stream5
Dma.USART2_RX.0.MemDataAlignment=DMA_MDATAALIGN_BYTE
Dma.USART2_RX.0.MemInc=DMA_MINC_ENABLE
Dma.USART2_RX.0.Mode=DMA_NORMAL
Dma.USART2_RX.0.PeriphDataAlignment=DMA_PDATAALIGN_BYTE
Dma.USART2_RX.0.PeriphInc=DMA_PINC_DISABLE
Dma.USART2_RX.0.Priority=DMA_PRIORITY_HIGH
Dma.USART2_RX.0.RequestParameters=Instance,Direction,PeriphInc,MemInc,PeriphDataAlignment,MemDataAlignment,Mode,Priority,FIFOMode
FREERTOS.Events01=Fly_Event,Dynamic,NULL;Landing_Event,Dynamic,NULL;Calibration_Event,Dynamic,NULL
FREERTOS.FootprintOK=true
FREERTOS.IPParameters=Tasks01,configENABLE_FPU,FootprintOK,Events01,configMINIMAL_STACK_SIZE,Mutexes01
FREERTOS.Mutexes01=SPI1_Mutex,Dynamic,NULL;SerialDebug_Mutex,Dynamic,NULL
FREERTOS.Tasks01=IMU_Task,48,512,Start_IMU_Task,Default,NULL,Dynamic,NULL,NULL;Remote_Task,27,512,Start_Remote_Task,Default,NULL,Dynamic,NULL,NULL;PrintSerial_Tas,24,512,Start_PrintSerial_Task,Default,NULL,Dynamic,NULL,NULL;BMP_Task,8,512,Start_BMP_Task,Default,NULL,Dynamic,NULL,NULL;Task_Controller,49,512,Start_Task_Controller,Default,NULL,Dynamic,NULL,NULL;SerialRecv_Task,24,512,Start_SerialReceive_Task,Default,NULL,Dynamic,NULL,NULL
FREERTOS.configENABLE_FPU=1
FREERTOS.configMINIMAL_STACK_SIZE=512
File.Version=6
GPIO.groupedBy=Group By Peripherals
KeepUserPlacement=false
Mcu.Family=STM32F4
Mcu.IP0=ADC1
Mcu.IP1=DMA
Mcu.IP10=SYS
Mcu.IP11=TIM2
Mcu.IP12=TIM3
Mcu.IP13=TIM4
Mcu.IP14=TIM5
Mcu.IP15=TIM6
Mcu.IP16=TIM9
Mcu.IP17=TIM10
Mcu.IP18=TIM11
Mcu.IP19=TIM12
Mcu.IP2=FATFS
Mcu.IP20=UART4
Mcu.IP21=USART1
Mcu.IP22=USART2
Mcu.IP23=USART3
Mcu.IP3=FREERTOS
Mcu.IP4=I2C1
Mcu.IP5=NVIC
Mcu.IP6=RCC
Mcu.IP7=SDIO
Mcu.IP8=SPI1
Mcu.IP9=SPI2
Mcu.IPNb=24
Mcu.Name=STM32F407V(E-G)Tx
Mcu.Package=LQFP100
Mcu.Pin0=PE2
Mcu.Pin1=PE3
Mcu.Pin10=PC2
Mcu.Pin11=PC3
Mcu.Pin12=PA0-WKUP
Mcu.Pin13=PA1
Mcu.Pin14=PA2
Mcu.Pin15=PA3
Mcu.Pin16=PA4
Mcu.Pin17=PA5
Mcu.Pin18=PA6
Mcu.Pin19=PA7
Mcu.Pin2=PE4
Mcu.Pin20=PC4
Mcu.Pin21=PC5
Mcu.Pin22=PB0
Mcu.Pin23=PB1
Mcu.Pin24=PE7
Mcu.Pin25=PE10
Mcu.Pin26=PE11
Mcu.Pin27=PE12
Mcu.Pin28=PB10
Mcu.Pin29=PB11
Mcu.Pin3=PE5
Mcu.Pin30=PB12
Mcu.Pin31=PB13
Mcu.Pin32=PB14
Mcu.Pin33=PB15
Mcu.Pin34=PD8
Mcu.Pin35=PD9
Mcu.Pin36=PD10
Mcu.Pin37=PD11
Mcu.Pin38=PD12
Mcu.Pin39=PD13
Mcu.Pin4=PE6
Mcu.Pin40=PD14
Mcu.Pin41=PC8
Mcu.Pin42=PC9
Mcu.Pin43=PA9
Mcu.Pin44=PA10
Mcu.Pin45=PA11
Mcu.Pin46=PA13
Mcu.Pin47=PA14
Mcu.Pin48=PA15
Mcu.Pin49=PC10
Mcu.Pin5=PC13-ANTI_TAMP
Mcu.Pin50=PC11
Mcu.Pin51=PC12
Mcu.Pin52=PD2
Mcu.Pin53=PD5
Mcu.Pin54=PD6
Mcu.Pin55=PB3
Mcu.Pin56=PB4
Mcu.Pin57=PB5
Mcu.Pin58=PB6
Mcu.Pin59=PB7
Mcu.Pin6=PH0-OSC_IN
Mcu.Pin60=PB8
Mcu.Pin61=PB9
Mcu.Pin62=PE1
Mcu.Pin63=VP_FATFS_VS_SDIO
Mcu.Pin64=VP_FREERTOS_VS_CMSIS_V2
Mcu.Pin65=VP_SYS_VS_tim7
Mcu.Pin66=VP_TIM2_VS_ClockSourceINT
Mcu.Pin67=VP_TIM5_VS_ClockSourceINT
Mcu.Pin68=VP_TIM6_VS_ClockSourceINT
Mcu.Pin69=VP_TIM10_VS_ClockSourceINT
Mcu.Pin7=PH1-OSC_OUT
Mcu.Pin70=VP_TIM11_VS_ClockSourceINT
Mcu.Pin71=VP_ARM.CMSIS_VS_CMSISJjDSP_1.7.0_5.6.0
Mcu.Pin8=PC0
Mcu.Pin9=PC1
Mcu.PinsNb=72
Mcu.ThirdParty0=ARM.CMSIS.5.6.0
Mcu.ThirdPartyNb=1
Mcu.UserConstants=
Mcu.UserName=STM32F407VGTx
MxCube.Version=6.3.0
MxDb.Version=DB.6.0.30
NVIC.BusFault_IRQn=true\:0\:0\:false\:false\:true\:false\:false\:false
NVIC.DMA1_Stream5_IRQn=true\:5\:0\:false\:false\:true\:true\:false\:true
NVIC.DebugMonitor_IRQn=true\:0\:0\:false\:false\:true\:false\:false\:false
NVIC.ForceEnableDMAVector=true
NVIC.HardFault_IRQn=true\:0\:0\:false\:false\:true\:false\:false\:false
NVIC.MemoryManagement_IRQn=true\:0\:0\:false\:false\:true\:false\:false\:false
NVIC.NonMaskableInt_IRQn=true\:0\:0\:false\:false\:true\:false\:false\:false
NVIC.PendSV_IRQn=true\:15\:0\:false\:false\:false\:true\:false\:false
NVIC.PriorityGroup=NVIC_PRIORITYGROUP_4
NVIC.SVCall_IRQn=true\:0\:0\:false\:false\:false\:false\:false\:false
NVIC.SavedPendsvIrqHandlerGenerated=true
NVIC.SavedSvcallIrqHandlerGenerated=true
NVIC.SavedSystickIrqHandlerGenerated=true
NVIC.SysTick_IRQn=true\:15\:0\:false\:false\:false\:true\:false\:true
NVIC.TIM6_DAC_IRQn=true\:5\:0\:false\:true\:true\:2\:true\:true\:true
NVIC.TIM7_IRQn=true\:15\:0\:false\:false\:true\:false\:false\:true
NVIC.TIM8_BRK_TIM12_IRQn=true\:5\:0\:false\:true\:true\:1\:true\:true\:true
NVIC.TimeBase=TIM7_IRQn
NVIC.TimeBaseIP=TIM7
NVIC.USART2_IRQn=true\:5\:0\:false\:false\:true\:true\:true\:true
NVIC.UsageFault_IRQn=true\:0\:0\:false\:false\:true\:false\:false\:false
PA0-WKUP.GPIOParameters=GPIO_Label
PA0-WKUP.GPIO_Label=SBUS_RX
PA0-WKUP.Mode=Half_duplex(single_wire_mode)
PA0-WKUP.Signal=UART4_TX
PA1.GPIOParameters=GPIO_Label
PA1.GPIO_Label=PWM_OUT5
PA1.Signal=S_TIM5_CH2
PA10.GPIOParameters=GPIO_Label
PA10.GPIO_Label=GPS_RX
PA10.Mode=Asynchronous
PA10.Signal=USART1_RX
PA11.GPIOParameters=GPIO_Label
PA11.GPIO_Label=GPS_INT
PA11.Locked=true
PA11.Signal=GPXTI11
PA13.Mode=Serial_Wire
PA13.Signal=SYS_JTMS-SWDIO
PA14.Mode=Serial_Wire
PA14.Signal=SYS_JTCK-SWCLK
PA15.GPIOParameters=GPIO_Label
PA15.GPIO_Label=PWM_OUT1
PA15.Locked=true
PA15.Signal=S_TIM2_CH1_ETR
PA2.GPIOParameters=GPIO_Label
PA2.GPIO_Label=PWM_OUT6
PA2.Signal=S_TIM5_CH3
PA3.GPIOParameters=GPIO_Label
PA3.GPIO_Label=PWM_OUT7
PA3.Signal=S_TIM5_CH4
PA4.GPIOParameters=GPIO_Label
PA4.GPIO_Label=ADC_BATERAI2
PA4.Locked=true
PA4.Signal=ADCx_IN4
PA5.GPIOParameters=GPIO_Label
PA5.GPIO_Label=IMU_SCK
PA5.Mode=Full_Duplex_Master
PA5.Signal=SPI1_SCK
PA6.GPIOParameters=GPIO_Label
PA6.GPIO_Label=IMU_MISO
PA6.Locked=true
PA6.Mode=Full_Duplex_Master
PA6.Signal=SPI1_MISO
PA7.GPIOParameters=GPIO_Label
PA7.GPIO_Label=IMU_MOSI
PA7.Mode=Full_Duplex_Master
PA7.Signal=SPI1_MOSI
PA9.GPIOParameters=GPIO_Label
PA9.GPIO_Label=GPS_TX
PA9.Mode=Asynchronous
PA9.Signal=USART1_TX
PB0.GPIOParameters=GPIO_Label
PB0.GPIO_Label=REMOTE_CH3
PB0.Locked=true
PB0.Signal=S_TIM3_CH3
PB1.GPIOParameters=GPIO_Label
PB1.GPIO_Label=ADC_BATERAI1
PB1.Locked=true
PB1.Signal=ADCx_IN9
PB10.GPIOParameters=GPIO_Label
PB10.GPIO_Label=PWM_OUT3
PB10.Locked=true
PB10.Signal=S_TIM2_CH3
PB11.GPIOParameters=GPIO_Label
PB11.GPIO_Label=PWM_OUT4
PB11.Locked=true
PB11.Signal=S_TIM2_CH4
PB12.GPIOParameters=GPIO_Label
PB12.GPIO_Label=LORA_DIO1
PB12.Locked=true
PB12.Signal=GPIO_Output
PB13.Mode=Full_Duplex_Master
PB13.Signal=SPI2_SCK
PB14.GPIOParameters=GPIO_PuPd,GPIO_Label
PB14.GPIO_Label=REMOTE_PPM
PB14.GPIO_PuPd=GPIO_PULLDOWN
PB14.Locked=true
PB14.Signal=S_TIM12_CH1
PB15.Locked=true
PB15.Signal=GPIO_Output
PB3.GPIOParameters=GPIO_Label
PB3.GPIO_Label=PWM_OUT2
PB3.Locked=true
PB3.Signal=S_TIM2_CH2
PB4.GPIOParameters=GPIO_Label
PB4.GPIO_Label=REMOTE_CH1
PB4.Signal=S_TIM3_CH1
PB5.GPIOParameters=GPIO_Label
PB5.GPIO_Label=REMOTE_CH2
PB5.Locked=true
PB5.Signal=S_TIM3_CH2
PB6.GPIOParameters=GPIO_Pu
PB6.GPIO_Pu=GPIO_PULLUP
PB6.Mode=I2C
PB6.Signal=I2C1_SCL
PB7.GPIOParameters=GPIO_Pu
PB7.GPIO_Pu=GPIO_PULLUP
PB7.Mode=I2C
PB7.Signal=I2C1_SDA
PB8.GPIOParameters=GPIO_Label
PB8.GPIO_Label=PWM_OUT8
PB8.Signal=S_TIM10_CH1
PB9.GPIOParameters=GPIO_Label
PB9.GPIO_Label=PWM_BUZZER
PB9.Signal=S_TIM11_CH1
PC0.GPIOParameters=GPIO_Label
PC0.GPIO_Label=ADC_ANGIN2
PC0.Locked=true
PC0.Signal=ADCx_IN10
PC1.GPIOParameters=GPIO_Label
PC1.GPIO_Label=ADC_BATERAI3
PC1.Locked=true
PC1.Signal=ADCx_IN11
PC10.Mode=SD_4_bits_Wide_bus
PC10.Signal=SDIO_D2
PC11.Mode=SD_4_bits_Wide_bus
PC11.Signal=SDIO_D3
PC12.Mode=SD_4_bits_Wide_bus
PC12.Signal=SDIO_CK
PC13-ANTI_TAMP.GPIOParameters=GPIO_Label
PC13-ANTI_TAMP.GPIO_Label=LORA_NSS
PC13-ANTI_TAMP.Locked=true
PC13-ANTI_TAMP.Signal=GPIO_Output
PC2.GPIOParameters=GPIO_Label
PC2.GPIO_Label=LORA_MISO
PC2.Mode=Full_Duplex_Master
PC2.Signal=SPI2_MISO
PC3.GPIOParameters=GPIO_Label
PC3.GPIO_Label=LORA_MOSI
PC3.Mode=Full_Duplex_Master
PC3.Signal=SPI2_MOSI
PC4.GPIOParameters=GPIO_Label
PC4.GPIO_Label=ADC_ANGIN1
PC4.Locked=true
PC4.Signal=ADCx_IN14
PC5.GPIOParameters=GPIO_Speed,PinState,GPIO_PuPd,GPIO_Label
PC5.GPIO_Label=IMU_CS
PC5.GPIO_PuPd=GPIO_NOPULL
PC5.GPIO_Speed=GPIO_SPEED_FREQ_VERY_HIGH
PC5.Locked=true
PC5.PinState=GPIO_PIN_SET
PC5.Signal=GPIO_Output
PC8.Mode=SD_4_bits_Wide_bus
PC8.Signal=SDIO_D0
PC9.Mode=SD_4_bits_Wide_bus
PC9.Signal=SDIO_D1
PD10.GPIOParameters=GPIO_Label
PD10.GPIO_Label=LORA_DIO2
PD10.Locked=true
PD10.Signal=GPIO_Output
PD11.GPIOParameters=GPIO_Label
PD11.GPIO_Label=LORA_DIO3
PD11.Locked=true
PD11.Signal=GPIO_Output
PD12.GPIOParameters=GPIO_Label
PD12.GPIO_Label=REMOTE_CH4
PD12.Locked=true
PD12.Signal=S_TIM4_CH1
PD13.GPIOParameters=GPIO_Label
PD13.GPIO_Label=REMOTE_CH5
PD13.Signal=S_TIM4_CH2
PD14.GPIOParameters=GPIO_Label
PD14.GPIO_Label=REMOTE_CH6
PD14.Locked=true
PD14.Signal=S_TIM4_CH3
PD2.Mode=SD_4_bits_Wide_bus
PD2.Signal=SDIO_CMD
PD5.Mode=Asynchronous
PD5.Signal=USART2_TX
PD6.Mode=Asynchronous
PD6.Signal=USART2_RX
PD8.Mode=Asynchronous
PD8.Signal=USART3_TX
PD9.Mode=Asynchronous
PD9.Signal=USART3_RX
PE1.GPIOParameters=GPIO_Label
PE1.GPIO_Label=RTC_NC
PE1.Locked=true
PE1.Signal=GPIO_Output
PE10.GPIOParameters=PinState,GPIO_PuPd,GPIO_Label
PE10.GPIO_Label=LED1
PE10.GPIO_PuPd=GPIO_NOPULL
PE10.Locked=true
PE10.PinState=GPIO_PIN_SET
PE10.Signal=GPIO_Output
PE11.GPIOParameters=PinState,GPIO_Label
PE11.GPIO_Label=LED2
PE11.Locked=true
PE11.PinState=GPIO_PIN_SET
PE11.Signal=GPIO_Output
PE12.GPIOParameters=PinState,GPIO_Label
PE12.GPIO_Label=LED3
PE12.Locked=true
PE12.PinState=GPIO_PIN_SET
PE12.Signal=GPIO_Output
PE2.GPIOParameters=GPIO_Label
PE2.GPIO_Label=US_TRIG
PE2.Locked=true
PE2.Signal=GPIO_Output
PE3.Locked=true
PE3.Signal=GPIO_Output
PE4.Locked=true
PE4.Signal=GPIO_Output
PE5.GPIOParameters=GPIO_Label
PE5.GPIO_Label=US_ECHO
PE5.Signal=S_TIM9_CH1
PE6.GPIOParameters=GPIO_Label
PE6.GPIO_Label=LORA_RST
PE6.Locked=true
PE6.Signal=GPIO_Output
PE7.GPIOParameters=GPIO_Speed,PinState,GPIO_Label
PE7.GPIO_Label=BMP_CS
PE7.GPIO_Speed=GPIO_SPEED_FREQ_VERY_HIGH
PE7.Locked=true
PE7.PinState=GPIO_PIN_SET
PE7.Signal=GPIO_Output
PH0-OSC_IN.Mode=HSE-External-Oscillator
PH0-OSC_IN.Signal=RCC_OSC_IN
PH1-OSC_OUT.Mode=HSE-External-Oscillator
PH1-OSC_OUT.Signal=RCC_OSC_OUT
PinOutPanel.RotationAngle=0
ProjectManager.AskForMigrate=true
ProjectManager.BackupPrevious=false
ProjectManager.CompilerOptimize=6
ProjectManager.ComputerToolchain=false
ProjectManager.CoupleFile=false
ProjectManager.CustomerFirmwarePackage=
ProjectManager.DefaultFWLocation=true
ProjectManager.DeletePrevious=true
ProjectManager.DeviceId=STM32F407VGTx
ProjectManager.FirmwarePackage=STM32Cube FW_F4 V1.26.2
ProjectManager.FreePins=false
ProjectManager.HalAssertFull=false
ProjectManager.HeapSize=0x200
ProjectManager.KeepUserCode=true
ProjectManager.LastFirmware=true
ProjectManager.LibraryCopy=1
ProjectManager.MainLocation=Core/Src
ProjectManager.NoMain=false
ProjectManager.PreviousToolchain=
ProjectManager.ProjectBuild=false
ProjectManager.ProjectFileName=F407-EFALCON4.ioc
ProjectManager.ProjectName=F407-EFALCON4
ProjectManager.RegisterCallBack=
ProjectManager.StackSize=0x400
ProjectManager.TargetToolchain=STM32CubeIDE
ProjectManager.ToolChainLocation=
ProjectManager.UnderRoot=true
ProjectManager.functionlistsort=1-MX_GPIO_Init-GPIO-false-HAL-true,2-SystemClock_Config-RCC-false-HAL-false,3-MX_I2C1_Init-I2C1-false-HAL-true,4-MX_SDIO_SD_Init-SDIO-false-HAL-true,5-MX_SPI1_Init-SPI1-false-HAL-true,6-MX_SPI2_Init-SPI2-false-HAL-true,7-MX_TIM5_Init-TIM5-false-HAL-true,8-MX_TIM9_Init-TIM9-false-HAL-true,9-MX_TIM10_Init-TIM10-false-HAL-true,10-MX_TIM11_Init-TIM11-false-HAL-true,11-MX_UART4_Init-UART4-false-HAL-true,12-MX_USART1_UART_Init-USART1-false-HAL-true,13-MX_USART2_UART_Init-USART2-false-HAL-true,14-MX_USART3_UART_Init-USART3-false-HAL-true,15-MX_ADC1_Init-ADC1-false-HAL-true,16-MX_TIM2_Init-TIM2-false-HAL-true,17-MX_TIM6_Init-TIM6-false-HAL-true,18-MX_TIM12_Init-TIM12-false-HAL-true,19-MX_FATFS_Init-FATFS-false-HAL-false,20-MX_TIM3_Init-TIM3-false-HAL-true,21-MX_DMA_Init-DMA-false-HAL-true,22-MX_TIM4_Init-TIM4-false-HAL-true
RCC.48MHZClocksFreq_Value=48000000
RCC.AHBFreq_Value=168000000
RCC.APB1CLKDivider=RCC_HCLK_DIV4
RCC.APB1Freq_Value=42000000
RCC.APB1TimFreq_Value=84000000
RCC.APB2CLKDivider=RCC_HCLK_DIV2
RCC.APB2Freq_Value=84000000
RCC.APB2TimFreq_Value=168000000
RCC.CortexFreq_Value=168000000
RCC.EthernetFreq_Value=168000000
RCC.FCLKCortexFreq_Value=168000000
RCC.FamilyName=M
RCC.HCLKFreq_Value=168000000
RCC.HSE_VALUE=8000000
RCC.HSI_VALUE=16000000
RCC.I2SClocksFreq_Value=192000000
RCC.IPParameters=48MHZClocksFreq_Value,AHBFreq_Value,APB1CLKDivider,APB1Freq_Value,APB1TimFreq_Value,APB2CLKDivider,APB2Freq_Value,APB2TimFreq_Value,CortexFreq_Value,EthernetFreq_Value,FCLKCortexFreq_Value,FamilyName,HCLKFreq_Value,HSE_VALUE,HSI_VALUE,I2SClocksFreq_Value,LSE_VALUE,LSI_VALUE,MCO2PinFreq_Value,PLLCLKFreq_Value,PLLM,PLLN,PLLQ,PLLQCLKFreq_Value,PLLSourceVirtual,RTCFreq_Value,RTCHSEDivFreq_Value,SYSCLKFreq_VALUE,SYSCLKSource,VCOI2SOutputFreq_Value,VCOInputFreq_Value,VCOOutputFreq_Value,VcooutputI2S
RCC.LSE_VALUE=32768
RCC.LSI_VALUE=32000
RCC.MCO2PinFreq_Value=168000000
RCC.PLLCLKFreq_Value=168000000
RCC.PLLM=4
RCC.PLLN=168
RCC.PLLQ=7
RCC.PLLQCLKFreq_Value=48000000
RCC.PLLSourceVirtual=RCC_PLLSOURCE_HSE
RCC.RTCFreq_Value=32000
RCC.RTCHSEDivFreq_Value=4000000
RCC.SYSCLKFreq_VALUE=168000000
RCC.SYSCLKSource=RCC_SYSCLKSOURCE_PLLCLK
RCC.VCOI2SOutputFreq_Value=384000000
RCC.VCOInputFreq_Value=2000000
RCC.VCOOutputFreq_Value=336000000
RCC.VcooutputI2S=192000000
SDIO.ClockDiv=8
SDIO.IPParameters=ClockDiv
SH.ADCx_IN10.0=ADC1_IN10,IN10
SH.ADCx_IN10.ConfNb=1
SH.ADCx_IN11.0=ADC1_IN11,IN11
SH.ADCx_IN11.ConfNb=1
SH.ADCx_IN14.0=ADC1_IN14,IN14
SH.ADCx_IN14.ConfNb=1
SH.ADCx_IN4.0=ADC1_IN4,IN4
SH.ADCx_IN4.ConfNb=1
SH.ADCx_IN9.0=ADC1_IN9,IN9
SH.ADCx_IN9.ConfNb=1
SH.GPXTI11.0=GPIO_EXTI11
SH.GPXTI11.ConfNb=1
SH.S_TIM10_CH1.0=TIM10_CH1,PWM Generation1 CH1
SH.S_TIM10_CH1.ConfNb=1
SH.S_TIM11_CH1.0=TIM11_CH1,PWM Generation1 CH1
SH.S_TIM11_CH1.ConfNb=1
SH.S_TIM12_CH1.0=TIM12_CH1,Input_Capture1_from_TI1
SH.S_TIM12_CH1.1=TIM12_CH1,Input_Capture2_from_TI1
SH.S_TIM12_CH1.ConfNb=2
SH.S_TIM2_CH1_ETR.0=TIM2_CH1,PWM Generation1 CH1
SH.S_TIM2_CH1_ETR.ConfNb=1
SH.S_TIM2_CH2.0=TIM2_CH2,PWM Generation2 CH2
SH.S_TIM2_CH2.ConfNb=1
SH.S_TIM2_CH3.0=TIM2_CH3,PWM Generation3 CH3
SH.S_TIM2_CH3.ConfNb=1
SH.S_TIM2_CH4.0=TIM2_CH4,PWM Generation4 CH4
SH.S_TIM2_CH4.ConfNb=1
SH.S_TIM3_CH1.0=TIM3_CH1,Input_Capture1_from_TI1
SH.S_TIM3_CH1.ConfNb=1
SH.S_TIM3_CH2.0=TIM3_CH2,Input_Capture2_from_TI2
SH.S_TIM3_CH2.ConfNb=1
SH.S_TIM3_CH3.0=TIM3_CH3,Input_Capture3_from_TI3
SH.S_TIM3_CH3.ConfNb=1
SH.S_TIM4_CH1.0=TIM4_CH1,Input_Capture1_from_TI1
SH.S_TIM4_CH1.ConfNb=1
SH.S_TIM4_CH2.0=TIM4_CH2,Input_Capture2_from_TI2
SH.S_TIM4_CH2.ConfNb=1
SH.S_TIM4_CH3.0=TIM4_CH3,Input_Capture3_from_TI3
SH.S_TIM4_CH3.ConfNb=1
SH.S_TIM5_CH2.0=TIM5_CH2,PWM Generation2 CH2
SH.S_TIM5_CH2.ConfNb=1
SH.S_TIM5_CH3.0=TIM5_CH3,PWM Generation3 CH3
SH.S_TIM5_CH3.ConfNb=1
SH.S_TIM5_CH4.0=TIM5_CH4,PWM Generation4 CH4
SH.S_TIM5_CH4.ConfNb=1
SH.S_TIM9_CH1.0=TIM9_CH1,Input_Capture1_from_TI1
SH.S_TIM9_CH1.1=TIM9_CH1,Input_Capture2_from_TI1
SH.S_TIM9_CH1.ConfNb=2
SPI1.BaudRatePrescaler=SPI_BAUDRATEPRESCALER_32
SPI1.CalculateBaudRate=2.625 MBits/s
SPI1.Direction=SPI_DIRECTION_2LINES
SPI1.IPParameters=VirtualType,Mode,Direction,CalculateBaudRate,BaudRatePrescaler
SPI1.Mode=SPI_MODE_MASTER
SPI1.VirtualType=VM_MASTER
SPI2.CalculateBaudRate=21.0 MBits/s
SPI2.Direction=SPI_DIRECTION_2LINES
SPI2.IPParameters=VirtualType,Mode,Direction,CalculateBaudRate
SPI2.Mode=SPI_MODE_MASTER
SPI2.VirtualType=VM_MASTER
TIM10.Channel=TIM_CHANNEL_1
TIM10.IPParameters=Channel,Period,Pulse,Prescaler
TIM10.Period=20000
TIM10.Prescaler=164 - 1
TIM10.Pulse=1000
TIM11.Channel=TIM_CHANNEL_1
TIM11.IPParameters=Channel,Prescaler,Period,Pulse,OCPolarity_1
TIM11.OCPolarity_1=TIM_OCPOLARITY_LOW
TIM11.Period=1000 - 1
TIM11.Prescaler=168 - 1
TIM11.Pulse=0
TIM12.Channel-Input_Capture1_from_TI1=TIM_CHANNEL_1
TIM12.Channel-Input_Capture2_from_TI1=TIM_CHANNEL_2
TIM12.ICPolarity_CH1=TIM_INPUTCHANNELPOLARITY_FALLING
TIM12.ICPolarity_CH2=TIM_INPUTCHANNELPOLARITY_RISING
TIM12.IPParameters=Channel-Input_Capture1_from_TI1,Prescaler,Channel-Input_Capture2_from_TI1,ICPolarity_CH2,ICPolarity_CH1
TIM12.Prescaler=84 - 1
TIM2.Channel-PWM\ Generation1\ CH1=TIM_CHANNEL_1
TIM2.Channel-PWM\ Generation2\ CH2=TIM_CHANNEL_2
TIM2.Channel-PWM\ Generation3\ CH3=TIM_CHANNEL_3
TIM2.Channel-PWM\ Generation4\ CH4=TIM_CHANNEL_4
TIM2.IPParameters=Prescaler,Channel-PWM Generation1 CH1,Channel-PWM Generation2 CH2,Channel-PWM Generation3 CH3,Channel-PWM Generation4 CH4,Period,Pulse-PWM Generation1 CH1,Pulse-PWM Generation2 CH2,Pulse-PWM Generation3 CH3,Pulse-PWM Generation4 CH4
TIM2.Period=20000 - 1
TIM2.Prescaler=84 - 1
TIM2.Pulse-PWM\ Generation1\ CH1=1000
TIM2.Pulse-PWM\ Generation2\ CH2=1000
TIM2.Pulse-PWM\ Generation3\ CH3=1000
TIM2.Pulse-PWM\ Generation4\ CH4=1000
TIM3.Channel-Input_Capture1_from_TI1=TIM_CHANNEL_1
TIM3.Channel-Input_Capture2_from_TI2=TIM_CHANNEL_2
TIM3.Channel-Input_Capture3_from_TI3=TIM_CHANNEL_3
TIM3.IPParameters=Channel-Input_Capture3_from_TI3,Channel-Input_Capture2_from_TI2,Channel-Input_Capture1_from_TI1
TIM4.Channel-Input_Capture1_from_TI1=TIM_CHANNEL_1
TIM4.Channel-Input_Capture2_from_TI2=TIM_CHANNEL_2
TIM4.Channel-Input_Capture3_from_TI3=TIM_CHANNEL_3
TIM4.IPParameters=Channel-Input_Capture1_from_TI1,Channel-Input_Capture2_from_TI2,Channel-Input_Capture3_from_TI3
TIM5.Channel-PWM\ Generation2\ CH2=TIM_CHANNEL_2
TIM5.Channel-PWM\ Generation3\ CH3=TIM_CHANNEL_3
TIM5.Channel-PWM\ Generation4\ CH4=TIM_CHANNEL_4
TIM5.IPParameters=Channel-PWM Generation2 CH2,Channel-PWM Generation3 CH3,Channel-PWM Generation4 CH4,Prescaler,Period,Pulse-PWM Generation2 CH2,Pulse-PWM Generation3 CH3,Pulse-PWM Generation4 CH4
TIM5.Period=4294967295
TIM5.Prescaler=84 - 1
TIM5.Pulse-PWM\ Generation2\ CH2=0
TIM5.Pulse-PWM\ Generation3\ CH3=0
TIM5.Pulse-PWM\ Generation4\ CH4=0
TIM6.IPParameters=Prescaler,Period
TIM6.Period=100 - 1
TIM6.Prescaler=84 - 1
TIM9.Channel-Input_Capture1_from_TI1=TIM_CHANNEL_1
TIM9.Channel-Input_Capture2_from_TI1=TIM_CHANNEL_2
TIM9.IPParameters=Channel-Input_Capture1_from_TI1,Channel-Input_Capture2_from_TI1
UART4.IPParameters=VirtualMode,Mode
UART4.Mode=MODE_RX
UART4.VirtualMode=Asynchronous
USART1.IPParameters=VirtualMode
USART1.VirtualMode=VM_ASYNC
USART2.BaudRate=115200
USART2.IPParameters=VirtualMode,BaudRate,OverSampling
USART2.OverSampling=UART_OVERSAMPLING_16
USART2.VirtualMode=VM_ASYNC
USART3.IPParameters=VirtualMode
USART3.VirtualMode=VM_ASYNC
VP_ARM.CMSIS_VS_CMSISJjDSP_1.7.0_5.6.0.Mode=CMSISJjDSP
VP_ARM.CMSIS_VS_CMSISJjDSP_1.7.0_5.6.0.Signal=ARM.CMSIS_VS_CMSISJjDSP_1.7.0_5.6.0
VP_FATFS_VS_SDIO.Mode=SDIO
VP_FATFS_VS_SDIO.Signal=FATFS_VS_SDIO
VP_FREERTOS_VS_CMSIS_V2.Mode=CMSIS_V2
VP_FREERTOS_VS_CMSIS_V2.Signal=FREERTOS_VS_CMSIS_V2
VP_SYS_VS_tim7.Mode=TIM7
VP_SYS_VS_tim7.Signal=SYS_VS_tim7
VP_TIM10_VS_ClockSourceINT.Mode=Enable_Timer
VP_TIM10_VS_ClockSourceINT.Signal=TIM10_VS_ClockSourceINT
VP_TIM11_VS_ClockSourceINT.Mode=Enable_Timer
VP_TIM11_VS_ClockSourceINT.Signal=TIM11_VS_ClockSourceINT
VP_TIM2_VS_ClockSourceINT.Mode=Internal
VP_TIM2_VS_ClockSourceINT.Signal=TIM2_VS_ClockSourceINT
VP_TIM5_VS_ClockSourceINT.Mode=Internal
VP_TIM5_VS_ClockSourceINT.Signal=TIM5_VS_ClockSourceINT
VP_TIM6_VS_ClockSourceINT.Mode=Enable_Timer
VP_TIM6_VS_ClockSourceINT.Signal=TIM6_VS_ClockSourceINT
board=custom
isbadioc=false
